
Microsoft Visual Studio Solution File, Format Version 12.00
# Visual Studio Version 16
VisualStudioVersion = 16.0.30907.101
MinimumVisualStudioVersion = 10.0.40219.1
Project("{9A19103F-16F7-4668-BE54-9A1E7A4F7556}") = "DataAccess", "DataAccess\DataAccess.csproj", "{801849D4-BB50-46C6-955B-00440CEA1C47}"
EndProject
Project("{9A19103F-16F7-4668-BE54-9A1E7A4F7556}") = "Business", "Business\Business.csproj", "{DEDA97C2-4599-49A2-84BD-7DDB1B40CB2C}"
EndProject
Project("{9A19103F-16F7-4668-BE54-9A1E7A4F7556}") = "Entities", "Entities\Entities.csproj", "{CBB0CD66-5A2C-4E50-8DF5-E5AA961D706C}"
EndProject
Project("{9A19103F-16F7-4668-BE54-9A1E7A4F7556}") = "ConsoleUI", "ConsoleUI\ConsoleUI.csproj", "{15671B0A-B768-42A8-A3E7-60210FD1A93D}"
EndProject
Project("{FAE04EC0-301F-11D3-BF4B-00C04F79EFBC}") = "Core", "Core\Core.csproj", "{D55EA041-6A48-4FFF-AA77-7A9D6964C5F9}"
EndProject
Global
	GlobalSection(SolutionConfigurationPlatforms) = preSolution
		Debug|Any CPU = Debug|Any CPU
		Release|Any CPU = Release|Any CPU
	EndGlobalSection
	GlobalSection(ProjectConfigurationPlatforms) = postSolution
		{801849D4-BB50-46C6-955B-00440CEA1C47}.Debug|Any CPU.ActiveCfg = Debug|Any CPU
		{801849D4-BB50-46C6-955B-00440CEA1C47}.Debug|Any CPU.Build.0 = Debug|Any CPU
		{801849D4-BB50-46C6-955B-00440CEA1C47}.Release|Any CPU.ActiveCfg = Release|Any CPU
		{801849D4-BB50-46C6-955B-00440CEA1C47}.Release|Any CPU.Build.0 = Release|Any CPU
		{DEDA97C2-4599-49A2-84BD-7DDB1B40CB2C}.Debug|Any CPU.ActiveCfg = Debug|Any CPU
		{DEDA97C2-4599-49A2-84BD-7DDB1B40CB2C}.Debug|Any CPU.Build.0 = Debug|Any CPU
		{DEDA97C2-4599-49A2-84BD-7DDB1B40CB2C}.Release|Any CPU.ActiveCfg = Release|Any CPU
		{DEDA97C2-4599-49A2-84BD-7DDB1B40CB2C}.Release|Any CPU.Build.0 = Release|Any CPU
		{CBB0CD66-5A2C-4E50-8DF5-E5AA961D706C}.Debug|Any CPU.ActiveCfg = Debug|Any CPU
		{CBB0CD66-5A2C-4E50-8DF5-E5AA961D706C}.Debug|Any CPU.Build.0 = Debug|Any CPU
		{CBB0CD66-5A2C-4E50-8DF5-E5AA961D706C}.Release|Any CPU.ActiveCfg = Release|Any CPU
		{CBB0CD66-5A2C-4E50-8DF5-E5AA961D706C}.Release|Any CPU.Build.0 = Release|Any CPU
		{15671B0A-B768-42A8-A3E7-60210FD1A93D}.Debug|Any CPU.ActiveCfg = Debug|Any CPU
		{15671B0A-B768-42A8-A3E7-60210FD1A93D}.Debug|Any CPU.Build.0 = Debug|Any CPU
		{15671B0A-B768-42A8-A3E7-60210FD1A93D}.Release|Any CPU.ActiveCfg = Release|Any CPU
		{15671B0A-B768-42A8-A3E7-60210FD1A93D}.Release|Any CPU.Build.0 = Release|Any CPU
		{D55EA041-6A48-4FFF-AA77-7A9D6964C5F9}.Debug|Any CPU.ActiveCfg = Debug|Any CPU
		{D55EA041-6A48-4FFF-AA77-7A9D6964C5F9}.Debug|Any CPU.Build.0 = Debug|Any CPU
		{D55EA041-6A48-4FFF-AA77-7A9D6964C5F9}.Release|Any CPU.ActiveCfg = Release|Any CPU
		{D55EA041-6A48-4FFF-AA77-7A9D6964C5F9}.Release|Any CPU.Build.0 = Release|Any CPU
	EndGlobalSection
	GlobalSection(SolutionProperties) = preSolution
		HideSolutionNode = FALSE
	EndGlobalSection
	GlobalSection(ExtensibilityGlobals) = postSolution
		SolutionGuid = {DE6FD525-5DBF-4C40-819F-DB73A5798592}
	EndGlobalSection
EndGlobal
